
Microsoft Visual Studio Solution File, Format Version 12.00
# Visual Studio 2012
Project("{8BC9CEB8-8B4A-11D0-8D11-00A0C91BC942}") = "class12", "class12\class12.vcxproj", "{501C6B01-A08D-46DA-BD77-176095E21697}"
EndProject
Global
	GlobalSection(SolutionConfigurationPlatforms) = preSolution
		Debug|Win32 = Debug|Win32
		Release|Win32 = Release|Win32
	EndGlobalSection
	GlobalSection(ProjectConfigurationPlatforms) = postSolution
		{501C6B01-A08D-46DA-BD77-176095E21697}.Debug|Win32.ActiveCfg = Debug|Win32
		{501C6B01-A08D-46DA-BD77-176095E21697}.Debug|Win32.Build.0 = Debug|Win32
		{501C6B01-A08D-46DA-BD77-176095E21697}.Release|Win32.ActiveCfg = Release|Win32
		{501C6B01-A08D-46DA-BD77-176095E21697}.Release|Win32.Build.0 = Release|Win32
	EndGlobalSection
	GlobalSection(SolutionProperties) = preSolution
		HideSolutionNode = FALSE
	EndGlobalSection
EndGlobal
